
Microsoft Visual Studio Solution File, Format Version 12.00
# Visual Studio Version 17
VisualStudioVersion = 17.2.32616.157
MinimumVisualStudioVersion = 10.0.40219.1
Project("{2150E333-8FDC-42A3-9474-1A3956D46DE8}") = "Caching", "Caching", "{75C003B5-512E-4CBC-ACC4-D587C68AABF9}"
EndProject
Project("{2150E333-8FDC-42A3-9474-1A3956D46DE8}") = "Messaging", "Messaging", "{CBDC7C03-E96C-46D7-ADED-C6FB14486459}"
EndProject
Project("{2150E333-8FDC-42A3-9474-1A3956D46DE8}") = "RealTime", "RealTime", "{0C271B63-D456-4E79-BA2C-DD3FDEDAD03E}"
EndProject
Project("{2150E333-8FDC-42A3-9474-1A3956D46DE8}") = "RediSearch", "RediSearch", "{FA35E827-2ADC-45F1-9A3F-05CF1FB4296C}"
EndProject
Project("{9A19103F-16F7-4668-BE54-9A1E7A4F7556}") = "NetCoreRedisTalks.Caching", "Caching\NetCoreRedisTalks.Caching\NetCoreRedisTalks.Caching.csproj", "{4DFD751C-0E37-4F8D-BEC0-9C7268827FD1}"
EndProject
Project("{FAE04EC0-301F-11D3-BF4B-00C04F79EFBC}") = "NetCoreRedisTalks.Messaging.Api", "Messaging\NetCoreRedisTalks.Messaging.Api\NetCoreRedisTalks.Messaging.Api.csproj", "{21E2B92A-183B-4171-B90B-4E34B72C5163}"
EndProject
Project("{FAE04EC0-301F-11D3-BF4B-00C04F79EFBC}") = "NetCoreRedisTalks.Messaging.Subscriber1", "Messaging\NetCoreRedisTalks.Messaging.Subscriber1\NetCoreRedisTalks.Messaging.Subscriber1.csproj", "{8CB4BF3B-2CB0-4EF9-93E2-07EA17DC0931}"
EndProject
Project("{FAE04EC0-301F-11D3-BF4B-00C04F79EFBC}") = "NetCoreRedisTalks.Messaging.Subscriber2", "Messaging\NetCoreRedisTalks.Messaging.Subscriber2\NetCoreRedisTalks.Messaging.Subscriber2.csproj", "{13BA7B35-91E3-482B-AE4B-61CC70E32618}"
EndProject
Project("{FAE04EC0-301F-11D3-BF4B-00C04F79EFBC}") = "NetCoreRedisTalks.Messaging.Subscriber3", "Messaging\NetCoreRedisTalks.Messaging.Subscriber3\NetCoreRedisTalks.Messaging.Subscriber3.csproj", "{B0E3DDD2-56C2-4E23-A89C-F3406475BC3D}"
EndProject
Project("{FAE04EC0-301F-11D3-BF4B-00C04F79EFBC}") = "NetCoreRedisTalks.Search.Api", "RediSearch\NetCoreRedisTalks.Search.Api\NetCoreRedisTalks.Search.Api.csproj", "{AB490CEB-AFF0-4318-AFBB-1108F29553F6}"
EndProject
Project("{FAE04EC0-301F-11D3-BF4B-00C04F79EFBC}") = "NetCoreRedisTalks.RealTime.Api", "RealTime\NetCoreRedisTalks.RealTime.Api\NetCoreRedisTalks.RealTime.Api.csproj", "{376A6B04-85AB-45A1-969A-F088A9689DF9}"
EndProject
Project("{2150E333-8FDC-42A3-9474-1A3956D46DE8}") = "client", "client", "{B59005DC-AD27-4C4A-825A-DD6D8E99E385}"
EndProject
Global
	GlobalSection(SolutionConfigurationPlatforms) = preSolution
		Debug|Any CPU = Debug|Any CPU
		Release|Any CPU = Release|Any CPU
	EndGlobalSection
	GlobalSection(ProjectConfigurationPlatforms) = postSolution
		{4DFD751C-0E37-4F8D-BEC0-9C7268827FD1}.Debug|Any CPU.ActiveCfg = Debug|Any CPU
		{4DFD751C-0E37-4F8D-BEC0-9C7268827FD1}.Debug|Any CPU.Build.0 = Debug|Any CPU
		{4DFD751C-0E37-4F8D-BEC0-9C7268827FD1}.Release|Any CPU.ActiveCfg = Release|Any CPU
		{4DFD751C-0E37-4F8D-BEC0-9C7268827FD1}.Release|Any CPU.Build.0 = Release|Any CPU
		{21E2B92A-183B-4171-B90B-4E34B72C5163}.Debug|Any CPU.ActiveCfg = Debug|Any CPU
		{21E2B92A-183B-4171-B90B-4E34B72C5163}.Debug|Any CPU.Build.0 = Debug|Any CPU
		{21E2B92A-183B-4171-B90B-4E34B72C5163}.Release|Any CPU.ActiveCfg = Release|Any CPU
		{21E2B92A-183B-4171-B90B-4E34B72C5163}.Release|Any CPU.Build.0 = Release|Any CPU
		{8CB4BF3B-2CB0-4EF9-93E2-07EA17DC0931}.Debug|Any CPU.ActiveCfg = Debug|Any CPU
		{8CB4BF3B-2CB0-4EF9-93E2-07EA17DC0931}.Debug|Any CPU.Build.0 = Debug|Any CPU
		{8CB4BF3B-2CB0-4EF9-93E2-07EA17DC0931}.Release|Any CPU.ActiveCfg = Release|Any CPU
		{8CB4BF3B-2CB0-4EF9-93E2-07EA17DC0931}.Release|Any CPU.Build.0 = Release|Any CPU
		{13BA7B35-91E3-482B-AE4B-61CC70E32618}.Debug|Any CPU.ActiveCfg = Debug|Any CPU
		{13BA7B35-91E3-482B-AE4B-61CC70E32618}.Debug|Any CPU.Build.0 = Debug|Any CPU
		{13BA7B35-91E3-482B-AE4B-61CC70E32618}.Release|Any CPU.ActiveCfg = Release|Any CPU
		{13BA7B35-91E3-482B-AE4B-61CC70E32618}.Release|Any CPU.Build.0 = Release|Any CPU
		{B0E3DDD2-56C2-4E23-A89C-F3406475BC3D}.Debug|Any CPU.ActiveCfg = Debug|Any CPU
		{B0E3DDD2-56C2-4E23-A89C-F3406475BC3D}.Debug|Any CPU.Build.0 = Debug|Any CPU
		{B0E3DDD2-56C2-4E23-A89C-F3406475BC3D}.Release|Any CPU.ActiveCfg = Release|Any CPU
		{B0E3DDD2-56C2-4E23-A89C-F3406475BC3D}.Release|Any CPU.Build.0 = Release|Any CPU
		{AB490CEB-AFF0-4318-AFBB-1108F29553F6}.Debug|Any CPU.ActiveCfg = Debug|Any CPU
		{AB490CEB-AFF0-4318-AFBB-1108F29553F6}.Debug|Any CPU.Build.0 = Debug|Any CPU
		{AB490CEB-AFF0-4318-AFBB-1108F29553F6}.Release|Any CPU.ActiveCfg = Release|Any CPU
		{AB490CEB-AFF0-4318-AFBB-1108F29553F6}.Release|Any CPU.Build.0 = Release|Any CPU
		{376A6B04-85AB-45A1-969A-F088A9689DF9}.Debug|Any CPU.ActiveCfg = Debug|Any CPU
		{376A6B04-85AB-45A1-969A-F088A9689DF9}.Debug|Any CPU.Build.0 = Debug|Any CPU
		{376A6B04-85AB-45A1-969A-F088A9689DF9}.Release|Any CPU.ActiveCfg = Release|Any CPU
		{376A6B04-85AB-45A1-969A-F088A9689DF9}.Release|Any CPU.Build.0 = Release|Any CPU
	EndGlobalSection
	GlobalSection(SolutionProperties) = preSolution
		HideSolutionNode = FALSE
	EndGlobalSection
	GlobalSection(NestedProjects) = preSolution
		{4DFD751C-0E37-4F8D-BEC0-9C7268827FD1} = {75C003B5-512E-4CBC-ACC4-D587C68AABF9}
		{21E2B92A-183B-4171-B90B-4E34B72C5163} = {CBDC7C03-E96C-46D7-ADED-C6FB14486459}
		{8CB4BF3B-2CB0-4EF9-93E2-07EA17DC0931} = {CBDC7C03-E96C-46D7-ADED-C6FB14486459}
		{13BA7B35-91E3-482B-AE4B-61CC70E32618} = {CBDC7C03-E96C-46D7-ADED-C6FB14486459}
		{B0E3DDD2-56C2-4E23-A89C-F3406475BC3D} = {CBDC7C03-E96C-46D7-ADED-C6FB14486459}
		{AB490CEB-AFF0-4318-AFBB-1108F29553F6} = {FA35E827-2ADC-45F1-9A3F-05CF1FB4296C}
		{376A6B04-85AB-45A1-969A-F088A9689DF9} = {0C271B63-D456-4E79-BA2C-DD3FDEDAD03E}
		{B59005DC-AD27-4C4A-825A-DD6D8E99E385} = {0C271B63-D456-4E79-BA2C-DD3FDEDAD03E}
	EndGlobalSection
	GlobalSection(ExtensibilityGlobals) = postSolution
		SolutionGuid = {97AB754E-38A6-4630-8B4D-DE8FB67C75DF}
	EndGlobalSection
EndGlobal
